PODS:
  - AFNetworking (1.3.4)
  - Appirater (2.0.4)
  - CrashlyticsFramework (2.2.10)
  - DCKeyValueObjectMapping (1.4)
  - FBSnapshotTestCase (1.6)
  - FormatterKit (1.7.5):
    - FormatterKit/AddressFormatter (= 1.7.5)
    - FormatterKit/ArrayFormatter (= 1.7.5)
    - FormatterKit/ColorFormatter (= 1.7.5)
    - FormatterKit/LocationFormatter (= 1.7.5)
    - FormatterKit/NameFormatter (= 1.7.5)
    - FormatterKit/OrdinalNumberFormatter (= 1.7.5)
    - FormatterKit/TimeIntervalFormatter (= 1.7.5)
    - FormatterKit/UnitOfInformationFormatter (= 1.7.5)
    - FormatterKit/URLRequestFormatter (= 1.7.5)
  - FormatterKit/AddressFormatter (1.7.5)
  - FormatterKit/ArrayFormatter (1.7.5)
  - FormatterKit/ColorFormatter (1.7.5)
  - FormatterKit/LocationFormatter (1.7.5)
  - FormatterKit/NameFormatter (1.7.5)
  - FormatterKit/OrdinalNumberFormatter (1.7.5)
  - FormatterKit/TimeIntervalFormatter (1.7.5)
  - FormatterKit/UnitOfInformationFormatter (1.7.5)
  - FormatterKit/URLRequestFormatter (1.7.5)
  - GVUserDefaults (0.9.5)
  - ISO8601DateFormatter (0.7)
  - KeepLayout (1.6.0)
  - Masonry (0.5.3)
  - MiawKit (1.2.1)
  - MRProgress (0.8.1):
    - MRProgress/ActivityIndicator (= 0.8.1)
    - MRProgress/Blur (= 0.8.1)
    - MRProgress/Circular (= 0.8.1)
    - MRProgress/Icons (= 0.8.1)
    - MRProgress/NavigationBarProgress (= 0.8.1)
    - MRProgress/Overlay (= 0.8.1)
  - MRProgress/ActivityIndicator (0.8.1):
    - MRProgress/Stopable
  - MRProgress/Blur (0.8.1):
    - MRProgress/Helper
  - MRProgress/Circular (0.8.1):
    - MRProgress/Helper
    - MRProgress/ProgressBaseClass
    - MRProgress/Stopable
  - MRProgress/Helper (0.8.1)
  - MRProgress/Icons (0.8.1)
  - MRProgress/NavigationBarProgress (0.8.1):
    - MRProgress/ProgressBaseClass
  - MRProgress/Overlay (0.8.1):
    - MRProgress/ActivityIndicator
    - MRProgress/Blur
    - MRProgress/Circular
    - MRProgress/Helper
    - MRProgress/Icons
  - MRProgress/ProgressBaseClass (0.8.1)
  - MRProgress/Stopable (0.8.1):
    - MRProgress/Helper
  - NewRelicAgent (4.186)
  - PSAlertView (1.1)
  - PSTAlertController (1.1.0)
  - Reveal-iOS-SDK (1.5.1)
  - SDWebImage (3.7.2):
    - SDWebImage/Core (= 3.7.2)
  - SDWebImage/Core (3.7.2)

DEPENDENCIES:
  - AFNetworking (~> 1.3.2)
  - Appirater (~> 2.0.2)
  - CrashlyticsFramework
  - DCKeyValueObjectMapping
  - FBSnapshotTestCase
  - FormatterKit (~> 1.7.1)
  - GVUserDefaults (~> 0.9.4)
  - ISO8601DateFormatter (~> 0.7)
  - KeepLayout (from `https://github.com/iMartinKiss/KeepLayout.git`)
  - Masonry (~> 0.5.3)
  - MiawKit (~> 1.2)
  - MRProgress (~> 0.8.0)
  - NewRelicAgent
  - PSAlertView (~> 1.1)
  - PSTAlertController (~> 1.1)
  - Reveal-iOS-SDK
  - SDWebImage (~> 3.6)

EXTERNAL SOURCES:
  KeepLayout:
    :git: https://github.com/iMartinKiss/KeepLayout.git

CHECKOUT OPTIONS:
  KeepLayout:
    :commit: 7dbb611b141232404a68318ea7194ff013b764d5
    :git: https://github.com/iMartinKiss/KeepLayout.git

SPEC CHECKSUMS:
  AFNetworking: cf8e418e16f0c9c7e5c3150d019a3c679d015018
  Appirater: 8783318c36414e8de3ea023443028df94c1b784b
  CrashlyticsFramework: 2f7c515a2d74c8636bf47e761621f2f68193747e
  DCKeyValueObjectMapping: 04cd5a338c03ce1c02488926cab6e1d1f704a093
  FBSnapshotTestCase: 9d5fe43b29ae3a0ed8fc829477971b281038f748
  FormatterKit: a0c0674b06fda3ce910af9f2358ed0ed868fb48b
  GVUserDefaults: bd3efc5beab8f501d17e566eddc7acd6f2425c2a
  ISO8601DateFormatter: ab926648eebe497f4d167c0fd083992f959f1274
  KeepLayout: d85a52300a23ba1504ba330c5200bb01ba3baeb0
  Masonry: 9f515466afe48632562342a40a1c224071a1a022
  MiawKit: 97fd3545bcee64e8317479adf154173a021918b8
  MRProgress: 72653f3ffd13c7bbac8c9de1da9bf0249fc2717d
  NewRelicAgent: c9efe4386f703c97741fbb1f65e80d5513a04866
  PSAlertView: 986043a1db2826098b64cc849b9e72e4c6d073f3
  PSTAlertController: cb21afcfa76c3229feec7db044afd4f60dab5892
  Reveal-iOS-SDK: c9c55cad2729c85f6ced415f1b21857c9a2d8ef9
  SDWebImage: 71b7cdc1d1721d6a82ed62889030225f2c249e29

COCOAPODS: 0.36.3
